
Microsoft Visual Studio Solution File, Format Version 12.00
# Visual Studio Version 17
VisualStudioVersion = 17.14.36603.0
MinimumVisualStudioVersion = 10.0.40219.1
Project("{FAE04EC0-301F-11D3-BF4B-00C04F79EFBC}") = "Reactivities", "Reactivities\Reactivities.csproj", "{18DD1BA4-274A-437C-B2C1-BC71042457B2}"
	ProjectSection(ProjectDependencies) = postProject
		{032A24AE-B53A-4F96-A98B-3F0CBD15AFDA} = {032A24AE-B53A-4F96-A98B-3F0CBD15AFDA}
	EndProjectSection
EndProject
Project("{FAE04EC0-301F-11D3-BF4B-00C04F79EFBC}") = "Domain", "Domain\Domain.csproj", "{50B55653-7B47-4BB2-8560-5CAA27FA985B}"
EndProject
Project("{FAE04EC0-301F-11D3-BF4B-00C04F79EFBC}") = "Application", "Application\Application.csproj", "{AABE5B0B-6752-4E96-9B3A-3EBFF0AE8D1B}"
	ProjectSection(ProjectDependencies) = postProject
		{032A24AE-B53A-4F96-A98B-3F0CBD15AFDA} = {032A24AE-B53A-4F96-A98B-3F0CBD15AFDA}
		{50B55653-7B47-4BB2-8560-5CAA27FA985B} = {50B55653-7B47-4BB2-8560-5CAA27FA985B}
	EndProjectSection
EndProject
Project("{FAE04EC0-301F-11D3-BF4B-00C04F79EFBC}") = "Persistence", "Persistence\Persistence.csproj", "{032A24AE-B53A-4F96-A98B-3F0CBD15AFDA}"
EndProject
Global
	GlobalSection(SolutionConfigurationPlatforms) = preSolution
		Debug|Any CPU = Debug|Any CPU
		Release|Any CPU = Release|Any CPU
	EndGlobalSection
	GlobalSection(ProjectConfigurationPlatforms) = postSolution
		{18DD1BA4-274A-437C-B2C1-BC71042457B2}.Debug|Any CPU.ActiveCfg = Debug|Any CPU
		{18DD1BA4-274A-437C-B2C1-BC71042457B2}.Debug|Any CPU.Build.0 = Debug|Any CPU
		{18DD1BA4-274A-437C-B2C1-BC71042457B2}.Release|Any CPU.ActiveCfg = Release|Any CPU
		{18DD1BA4-274A-437C-B2C1-BC71042457B2}.Release|Any CPU.Build.0 = Release|Any CPU
		{50B55653-7B47-4BB2-8560-5CAA27FA985B}.Debug|Any CPU.ActiveCfg = Debug|Any CPU
		{50B55653-7B47-4BB2-8560-5CAA27FA985B}.Debug|Any CPU.Build.0 = Debug|Any CPU
		{50B55653-7B47-4BB2-8560-5CAA27FA985B}.Release|Any CPU.ActiveCfg = Release|Any CPU
		{50B55653-7B47-4BB2-8560-5CAA27FA985B}.Release|Any CPU.Build.0 = Release|Any CPU
		{AABE5B0B-6752-4E96-9B3A-3EBFF0AE8D1B}.Debug|Any CPU.ActiveCfg = Debug|Any CPU
		{AABE5B0B-6752-4E96-9B3A-3EBFF0AE8D1B}.Debug|Any CPU.Build.0 = Debug|Any CPU
		{AABE5B0B-6752-4E96-9B3A-3EBFF0AE8D1B}.Release|Any CPU.ActiveCfg = Release|Any CPU
		{AABE5B0B-6752-4E96-9B3A-3EBFF0AE8D1B}.Release|Any CPU.Build.0 = Release|Any CPU
		{032A24AE-B53A-4F96-A98B-3F0CBD15AFDA}.Debug|Any CPU.ActiveCfg = Debug|Any CPU
		{032A24AE-B53A-4F96-A98B-3F0CBD15AFDA}.Debug|Any CPU.Build.0 = Debug|Any CPU
		{032A24AE-B53A-4F96-A98B-3F0CBD15AFDA}.Release|Any CPU.ActiveCfg = Release|Any CPU
		{032A24AE-B53A-4F96-A98B-3F0CBD15AFDA}.Release|Any CPU.Build.0 = Release|Any CPU
	EndGlobalSection
	GlobalSection(SolutionProperties) = preSolution
		HideSolutionNode = FALSE
	EndGlobalSection
	GlobalSection(ExtensibilityGlobals) = postSolution
		SolutionGuid = {DA32DA74-5E1A-4FED-8000-7D68B54C9C0F}
	EndGlobalSection
EndGlobal
